
Microsoft Visual Studio Solution File, Format Version 12.00
# Visual Studio 2015
Project("{FAE04EC0-301F-11D3-BF4B-00C04F79EFBC}") = "Arkanoid3d", "Arkanoid3d.csproj", "{EE3B4D9D-CB83-C2F6-B2AA-47EE3809C466}"
EndProject
Global
	GlobalSection(SolutionConfigurationPlatforms) = preSolution
		Debug|Any CPU = Debug|Any CPU
		Release|Any CPU = Release|Any CPU
	EndGlobalSection
	GlobalSection(ProjectConfigurationPlatforms) = postSolution
		{EE3B4D9D-CB83-C2F6-B2AA-47EE3809C466}.Debug|Any CPU.ActiveCfg = Debug|Any CPU
		{EE3B4D9D-CB83-C2F6-B2AA-47EE3809C466}.Debug|Any CPU.Build.0 = Debug|Any CPU
		{EE3B4D9D-CB83-C2F6-B2AA-47EE3809C466}.Release|Any CPU.ActiveCfg = Release|Any CPU
		{EE3B4D9D-CB83-C2F6-B2AA-47EE3809C466}.Release|Any CPU.Build.0 = Release|Any CPU
	EndGlobalSection
	GlobalSection(SolutionProperties) = preSolution
		HideSolutionNode = FALSE
	EndGlobalSection
EndGlobal
